
Microsoft Visual Studio Solution File, Format Version 12.00
# Visual Studio Version 17
VisualStudioVersion = 17.0.31903.59
MinimumVisualStudioVersion = 10.0.40219.1
Project("{FAE04EC0-301F-11D3-BF4B-00C04F79EFBC}") = "BinarySearch", "BinarySearch\BinarySearch.csproj", "{4A2694B0-3BA0-4A13-9B76-CAC79A0A82E2}"
EndProject
Project("{FAE04EC0-301F-11D3-BF4B-00C04F79EFBC}") = "BinarySearchTests", "BinarySearchTests\BinarySearchTests.csproj", "{4F231178-6C92-4E4D-B022-974123E7E528}"
EndProject
Project("{FAE04EC0-301F-11D3-BF4B-00C04F79EFBC}") = "Graph", "Graph\Graph.csproj", "{8194C53A-9BA0-4FC5-BB64-2BB3E1633737}"
EndProject
Project("{FAE04EC0-301F-11D3-BF4B-00C04F79EFBC}") = "GraphTests", "GraphTests\GraphTests.csproj", "{D1E8C608-F444-4C2E-82E7-452DABC5ECCD}"
EndProject
Project("{FAE04EC0-301F-11D3-BF4B-00C04F79EFBC}") = "WeightedGraph", "WeightedGraph\WeightedGraph.csproj", "{1CC066FF-2FA3-43D0-BB0C-7FE8E232B238}"
EndProject
Project("{FAE04EC0-301F-11D3-BF4B-00C04F79EFBC}") = "WeightedGraphTests", "WeightedGraphTests\WeightedGraphTests.csproj", "{F3D36949-5D37-4949-924C-6FA5CF8CE1C0}"
EndProject
Project("{FAE04EC0-301F-11D3-BF4B-00C04F79EFBC}") = "DynamicProgramming", "DynamicProgramming\DynamicProgramming.csproj", "{AA76768A-23B8-4A79-9549-9A77F31FD8C2}"
EndProject
Project("{FAE04EC0-301F-11D3-BF4B-00C04F79EFBC}") = "DynamicProgrammingTests", "DynamicProgrammingTests\DynamicProgrammingTests.csproj", "{157164DE-E437-4024-B20E-BCBA1DC2B24C}"
EndProject
Project("{FAE04EC0-301F-11D3-BF4B-00C04F79EFBC}") = "Sort", "Sort\Sort.csproj", "{26ACC1B0-A8DF-46CE-B75D-DC02AAEFE5C7}"
EndProject
Project("{FAE04EC0-301F-11D3-BF4B-00C04F79EFBC}") = "SortTests", "SortTests\SortTests.csproj", "{D734343E-F638-4E3A-AC81-A00D0174C85A}"
EndProject
Global
	GlobalSection(SolutionConfigurationPlatforms) = preSolution
		Debug|Any CPU = Debug|Any CPU
		Debug|x64 = Debug|x64
		Debug|x86 = Debug|x86
		Release|Any CPU = Release|Any CPU
		Release|x64 = Release|x64
		Release|x86 = Release|x86
	EndGlobalSection
	GlobalSection(ProjectConfigurationPlatforms) = postSolution
		{4A2694B0-3BA0-4A13-9B76-CAC79A0A82E2}.Debug|Any CPU.ActiveCfg = Debug|Any CPU
		{4A2694B0-3BA0-4A13-9B76-CAC79A0A82E2}.Debug|Any CPU.Build.0 = Debug|Any CPU
		{4A2694B0-3BA0-4A13-9B76-CAC79A0A82E2}.Debug|x64.ActiveCfg = Debug|Any CPU
		{4A2694B0-3BA0-4A13-9B76-CAC79A0A82E2}.Debug|x64.Build.0 = Debug|Any CPU
		{4A2694B0-3BA0-4A13-9B76-CAC79A0A82E2}.Debug|x86.ActiveCfg = Debug|Any CPU
		{4A2694B0-3BA0-4A13-9B76-CAC79A0A82E2}.Debug|x86.Build.0 = Debug|Any CPU
		{4A2694B0-3BA0-4A13-9B76-CAC79A0A82E2}.Release|Any CPU.ActiveCfg = Release|Any CPU
		{4A2694B0-3BA0-4A13-9B76-CAC79A0A82E2}.Release|Any CPU.Build.0 = Release|Any CPU
		{4A2694B0-3BA0-4A13-9B76-CAC79A0A82E2}.Release|x64.ActiveCfg = Release|Any CPU
		{4A2694B0-3BA0-4A13-9B76-CAC79A0A82E2}.Release|x64.Build.0 = Release|Any CPU
		{4A2694B0-3BA0-4A13-9B76-CAC79A0A82E2}.Release|x86.ActiveCfg = Release|Any CPU
		{4A2694B0-3BA0-4A13-9B76-CAC79A0A82E2}.Release|x86.Build.0 = Release|Any CPU
		{4F231178-6C92-4E4D-B022-974123E7E528}.Debug|Any CPU.ActiveCfg = Debug|Any CPU
		{4F231178-6C92-4E4D-B022-974123E7E528}.Debug|Any CPU.Build.0 = Debug|Any CPU
		{4F231178-6C92-4E4D-B022-974123E7E528}.Debug|x64.ActiveCfg = Debug|Any CPU
		{4F231178-6C92-4E4D-B022-974123E7E528}.Debug|x64.Build.0 = Debug|Any CPU
		{4F231178-6C92-4E4D-B022-974123E7E528}.Debug|x86.ActiveCfg = Debug|Any CPU
		{4F231178-6C92-4E4D-B022-974123E7E528}.Debug|x86.Build.0 = Debug|Any CPU
		{4F231178-6C92-4E4D-B022-974123E7E528}.Release|Any CPU.ActiveCfg = Release|Any CPU
		{4F231178-6C92-4E4D-B022-974123E7E528}.Release|Any CPU.Build.0 = Release|Any CPU
		{4F231178-6C92-4E4D-B022-974123E7E528}.Release|x64.ActiveCfg = Release|Any CPU
		{4F231178-6C92-4E4D-B022-974123E7E528}.Release|x64.Build.0 = Release|Any CPU
		{4F231178-6C92-4E4D-B022-974123E7E528}.Release|x86.ActiveCfg = Release|Any CPU
		{4F231178-6C92-4E4D-B022-974123E7E528}.Release|x86.Build.0 = Release|Any CPU
		{8194C53A-9BA0-4FC5-BB64-2BB3E1633737}.Debug|Any CPU.ActiveCfg = Debug|Any CPU
		{8194C53A-9BA0-4FC5-BB64-2BB3E1633737}.Debug|Any CPU.Build.0 = Debug|Any CPU
		{8194C53A-9BA0-4FC5-BB64-2BB3E1633737}.Debug|x64.ActiveCfg = Debug|Any CPU
		{8194C53A-9BA0-4FC5-BB64-2BB3E1633737}.Debug|x64.Build.0 = Debug|Any CPU
		{8194C53A-9BA0-4FC5-BB64-2BB3E1633737}.Debug|x86.ActiveCfg = Debug|Any CPU
		{8194C53A-9BA0-4FC5-BB64-2BB3E1633737}.Debug|x86.Build.0 = Debug|Any CPU
		{8194C53A-9BA0-4FC5-BB64-2BB3E1633737}.Release|Any CPU.ActiveCfg = Release|Any CPU
		{8194C53A-9BA0-4FC5-BB64-2BB3E1633737}.Release|Any CPU.Build.0 = Release|Any CPU
		{8194C53A-9BA0-4FC5-BB64-2BB3E1633737}.Release|x64.ActiveCfg = Release|Any CPU
		{8194C53A-9BA0-4FC5-BB64-2BB3E1633737}.Release|x64.Build.0 = Release|Any CPU
		{8194C53A-9BA0-4FC5-BB64-2BB3E1633737}.Release|x86.ActiveCfg = Release|Any CPU
		{8194C53A-9BA0-4FC5-BB64-2BB3E1633737}.Release|x86.Build.0 = Release|Any CPU
		{D1E8C608-F444-4C2E-82E7-452DABC5ECCD}.Debug|Any CPU.ActiveCfg = Debug|Any CPU
		{D1E8C608-F444-4C2E-82E7-452DABC5ECCD}.Debug|Any CPU.Build.0 = Debug|Any CPU
		{D1E8C608-F444-4C2E-82E7-452DABC5ECCD}.Debug|x64.ActiveCfg = Debug|Any CPU
		{D1E8C608-F444-4C2E-82E7-452DABC5ECCD}.Debug|x64.Build.0 = Debug|Any CPU
		{D1E8C608-F444-4C2E-82E7-452DABC5ECCD}.Debug|x86.ActiveCfg = Debug|Any CPU
		{D1E8C608-F444-4C2E-82E7-452DABC5ECCD}.Debug|x86.Build.0 = Debug|Any CPU
		{D1E8C608-F444-4C2E-82E7-452DABC5ECCD}.Release|Any CPU.ActiveCfg = Release|Any CPU
		{D1E8C608-F444-4C2E-82E7-452DABC5ECCD}.Release|Any CPU.Build.0 = Release|Any CPU
		{D1E8C608-F444-4C2E-82E7-452DABC5ECCD}.Release|x64.ActiveCfg = Release|Any CPU
		{D1E8C608-F444-4C2E-82E7-452DABC5ECCD}.Release|x64.Build.0 = Release|Any CPU
		{D1E8C608-F444-4C2E-82E7-452DABC5ECCD}.Release|x86.ActiveCfg = Release|Any CPU
		{D1E8C608-F444-4C2E-82E7-452DABC5ECCD}.Release|x86.Build.0 = Release|Any CPU
		{1CC066FF-2FA3-43D0-BB0C-7FE8E232B238}.Debug|Any CPU.ActiveCfg = Debug|Any CPU
		{1CC066FF-2FA3-43D0-BB0C-7FE8E232B238}.Debug|Any CPU.Build.0 = Debug|Any CPU
		{1CC066FF-2FA3-43D0-BB0C-7FE8E232B238}.Debug|x64.ActiveCfg = Debug|Any CPU
		{1CC066FF-2FA3-43D0-BB0C-7FE8E232B238}.Debug|x64.Build.0 = Debug|Any CPU
		{1CC066FF-2FA3-43D0-BB0C-7FE8E232B238}.Debug|x86.ActiveCfg = Debug|Any CPU
		{1CC066FF-2FA3-43D0-BB0C-7FE8E232B238}.Debug|x86.Build.0 = Debug|Any CPU
		{1CC066FF-2FA3-43D0-BB0C-7FE8E232B238}.Release|Any CPU.ActiveCfg = Release|Any CPU
		{1CC066FF-2FA3-43D0-BB0C-7FE8E232B238}.Release|Any CPU.Build.0 = Release|Any CPU
		{1CC066FF-2FA3-43D0-BB0C-7FE8E232B238}.Release|x64.ActiveCfg = Release|Any CPU
		{1CC066FF-2FA3-43D0-BB0C-7FE8E232B238}.Release|x64.Build.0 = Release|Any CPU
		{1CC066FF-2FA3-43D0-BB0C-7FE8E232B238}.Release|x86.ActiveCfg = Release|Any CPU
		{1CC066FF-2FA3-43D0-BB0C-7FE8E232B238}.Release|x86.Build.0 = Release|Any CPU
		{F3D36949-5D37-4949-924C-6FA5CF8CE1C0}.Debug|Any CPU.ActiveCfg = Debug|Any CPU
		{F3D36949-5D37-4949-924C-6FA5CF8CE1C0}.Debug|Any CPU.Build.0 = Debug|Any CPU
		{F3D36949-5D37-4949-924C-6FA5CF8CE1C0}.Debug|x64.ActiveCfg = Debug|Any CPU
		{F3D36949-5D37-4949-924C-6FA5CF8CE1C0}.Debug|x64.Build.0 = Debug|Any CPU
		{F3D36949-5D37-4949-924C-6FA5CF8CE1C0}.Debug|x86.ActiveCfg = Debug|Any CPU
		{F3D36949-5D37-4949-924C-6FA5CF8CE1C0}.Debug|x86.Build.0 = Debug|Any CPU
		{F3D36949-5D37-4949-924C-6FA5CF8CE1C0}.Release|Any CPU.ActiveCfg = Release|Any CPU
		{F3D36949-5D37-4949-924C-6FA5CF8CE1C0}.Release|Any CPU.Build.0 = Release|Any CPU
		{F3D36949-5D37-4949-924C-6FA5CF8CE1C0}.Release|x64.ActiveCfg = Release|Any CPU
		{F3D36949-5D37-4949-924C-6FA5CF8CE1C0}.Release|x64.Build.0 = Release|Any CPU
		{F3D36949-5D37-4949-924C-6FA5CF8CE1C0}.Release|x86.ActiveCfg = Release|Any CPU
		{F3D36949-5D37-4949-924C-6FA5CF8CE1C0}.Release|x86.Build.0 = Release|Any CPU
		{AA76768A-23B8-4A79-9549-9A77F31FD8C2}.Debug|Any CPU.ActiveCfg = Debug|Any CPU
		{AA76768A-23B8-4A79-9549-9A77F31FD8C2}.Debug|Any CPU.Build.0 = Debug|Any CPU
		{AA76768A-23B8-4A79-9549-9A77F31FD8C2}.Debug|x64.ActiveCfg = Debug|Any CPU
		{AA76768A-23B8-4A79-9549-9A77F31FD8C2}.Debug|x64.Build.0 = Debug|Any CPU
		{AA76768A-23B8-4A79-9549-9A77F31FD8C2}.Debug|x86.ActiveCfg = Debug|Any CPU
		{AA76768A-23B8-4A79-9549-9A77F31FD8C2}.Debug|x86.Build.0 = Debug|Any CPU
		{AA76768A-23B8-4A79-9549-9A77F31FD8C2}.Release|Any CPU.ActiveCfg = Release|Any CPU
		{AA76768A-23B8-4A79-9549-9A77F31FD8C2}.Release|Any CPU.Build.0 = Release|Any CPU
		{AA76768A-23B8-4A79-9549-9A77F31FD8C2}.Release|x64.ActiveCfg = Release|Any CPU
		{AA76768A-23B8-4A79-9549-9A77F31FD8C2}.Release|x64.Build.0 = Release|Any CPU
		{AA76768A-23B8-4A79-9549-9A77F31FD8C2}.Release|x86.ActiveCfg = Release|Any CPU
		{AA76768A-23B8-4A79-9549-9A77F31FD8C2}.Release|x86.Build.0 = Release|Any CPU
		{157164DE-E437-4024-B20E-BCBA1DC2B24C}.Debug|Any CPU.ActiveCfg = Debug|Any CPU
		{157164DE-E437-4024-B20E-BCBA1DC2B24C}.Debug|Any CPU.Build.0 = Debug|Any CPU
		{157164DE-E437-4024-B20E-BCBA1DC2B24C}.Debug|x64.ActiveCfg = Debug|Any CPU
		{157164DE-E437-4024-B20E-BCBA1DC2B24C}.Debug|x64.Build.0 = Debug|Any CPU
		{157164DE-E437-4024-B20E-BCBA1DC2B24C}.Debug|x86.ActiveCfg = Debug|Any CPU
		{157164DE-E437-4024-B20E-BCBA1DC2B24C}.Debug|x86.Build.0 = Debug|Any CPU
		{157164DE-E437-4024-B20E-BCBA1DC2B24C}.Release|Any CPU.ActiveCfg = Release|Any CPU
		{157164DE-E437-4024-B20E-BCBA1DC2B24C}.Release|Any CPU.Build.0 = Release|Any CPU
		{157164DE-E437-4024-B20E-BCBA1DC2B24C}.Release|x64.ActiveCfg = Release|Any CPU
		{157164DE-E437-4024-B20E-BCBA1DC2B24C}.Release|x64.Build.0 = Release|Any CPU
		{157164DE-E437-4024-B20E-BCBA1DC2B24C}.Release|x86.ActiveCfg = Release|Any CPU
		{157164DE-E437-4024-B20E-BCBA1DC2B24C}.Release|x86.Build.0 = Release|Any CPU
		{26ACC1B0-A8DF-46CE-B75D-DC02AAEFE5C7}.Debug|Any CPU.ActiveCfg = Debug|Any CPU
		{26ACC1B0-A8DF-46CE-B75D-DC02AAEFE5C7}.Debug|Any CPU.Build.0 = Debug|Any CPU
		{26ACC1B0-A8DF-46CE-B75D-DC02AAEFE5C7}.Debug|x64.ActiveCfg = Debug|Any CPU
		{26ACC1B0-A8DF-46CE-B75D-DC02AAEFE5C7}.Debug|x64.Build.0 = Debug|Any CPU
		{26ACC1B0-A8DF-46CE-B75D-DC02AAEFE5C7}.Debug|x86.ActiveCfg = Debug|Any CPU
		{26ACC1B0-A8DF-46CE-B75D-DC02AAEFE5C7}.Debug|x86.Build.0 = Debug|Any CPU
		{26ACC1B0-A8DF-46CE-B75D-DC02AAEFE5C7}.Release|Any CPU.ActiveCfg = Release|Any CPU
		{26ACC1B0-A8DF-46CE-B75D-DC02AAEFE5C7}.Release|Any CPU.Build.0 = Release|Any CPU
		{26ACC1B0-A8DF-46CE-B75D-DC02AAEFE5C7}.Release|x64.ActiveCfg = Release|Any CPU
		{26ACC1B0-A8DF-46CE-B75D-DC02AAEFE5C7}.Release|x64.Build.0 = Release|Any CPU
		{26ACC1B0-A8DF-46CE-B75D-DC02AAEFE5C7}.Release|x86.ActiveCfg = Release|Any CPU
		{26ACC1B0-A8DF-46CE-B75D-DC02AAEFE5C7}.Release|x86.Build.0 = Release|Any CPU
		{D734343E-F638-4E3A-AC81-A00D0174C85A}.Debug|Any CPU.ActiveCfg = Debug|Any CPU
		{D734343E-F638-4E3A-AC81-A00D0174C85A}.Debug|Any CPU.Build.0 = Debug|Any CPU
		{D734343E-F638-4E3A-AC81-A00D0174C85A}.Debug|x64.ActiveCfg = Debug|Any CPU
		{D734343E-F638-4E3A-AC81-A00D0174C85A}.Debug|x64.Build.0 = Debug|Any CPU
		{D734343E-F638-4E3A-AC81-A00D0174C85A}.Debug|x86.ActiveCfg = Debug|Any CPU
		{D734343E-F638-4E3A-AC81-A00D0174C85A}.Debug|x86.Build.0 = Debug|Any CPU
		{D734343E-F638-4E3A-AC81-A00D0174C85A}.Release|Any CPU.ActiveCfg = Release|Any CPU
		{D734343E-F638-4E3A-AC81-A00D0174C85A}.Release|Any CPU.Build.0 = Release|Any CPU
		{D734343E-F638-4E3A-AC81-A00D0174C85A}.Release|x64.ActiveCfg = Release|Any CPU
		{D734343E-F638-4E3A-AC81-A00D0174C85A}.Release|x64.Build.0 = Release|Any CPU
		{D734343E-F638-4E3A-AC81-A00D0174C85A}.Release|x86.ActiveCfg = Release|Any CPU
		{D734343E-F638-4E3A-AC81-A00D0174C85A}.Release|x86.Build.0 = Release|Any CPU
	EndGlobalSection
	GlobalSection(SolutionProperties) = preSolution
		HideSolutionNode = FALSE
	EndGlobalSection
	GlobalSection(ExtensibilityGlobals) = postSolution
		SolutionGuid = {E6667D0F-652B-49DF-85F0-F6E257AABD98}
	EndGlobalSection
EndGlobal
